// !$*UTF8*$!
{
	archiveVersion = 1;
	classes = {
	};
	objectVersion = 50;
	objects = {

/* Begin PBXBuildFile section */
		EDB3C75425CA836700704AEE /* AppDelegate.swift in Sources */ = {isa = PBXBuildFile; fileRef = EDB3C75325CA836700704AEE /* AppDelegate.swift */; };
		EDB3C75625CA836700704AEE /* SceneDelegate.swift in Sources */ = {isa = PBXBuildFile; fileRef = EDB3C75525CA836700704AEE /* SceneDelegate.swift */; };
		EDB3C75825CA836700704AEE /* ContentView.swift in Sources */ = {isa = PBXBuildFile; fileRef = EDB3C75725CA836700704AEE /* ContentView.swift */; };
		EDB3C75A25CA836800704AEE /* Assets.xcassets in Resources */ = {isa = PBXBuildFile; fileRef = EDB3C75925CA836800704AEE /* Assets.xcassets */; };
		EDB3C75D25CA836800704AEE /* Preview Assets.xcassets in Resources */ = {isa = PBXBuildFile; fileRef = EDB3C75C25CA836800704AEE /* Preview Assets.xcassets */; };
		EDB3C76025CA836800704AEE /* LaunchScreen.storyboard in Resources */ = {isa = PBXBuildFile; fileRef = EDB3C75E25CA836800704AEE /* LaunchScreen.storyboard */; };
		EDB3C76A25CA845600704AEE /* FieldForm.swift in Sources */ = {isa = PBXBuildFile; fileRef = EDB3C76925CA845600704AEE /* FieldForm.swift */; };
		EDB3C77525CA893C00704AEE /* USer.swift in Sources */ = {isa = PBXBuildFile; fileRef = EDB3C77425CA893C00704AEE /* USer.swift */; };
		EDB3C77A25CA8D0F00704AEE /* InvoiceScreen.swift in Sources */ = {isa = PBXBuildFile; fileRef = EDB3C77925CA8D0F00704AEE /* InvoiceScreen.swift */; };
/* End PBXBuildFile section */

/* Begin PBXFileReference section */
		EDB3C75025CA836700704AEE /* Swift User Manager.app */ = {isa = PBXFileReference; explicitFileType = wrapper.application; includeInIndex = 0; path = "Swift User Manager.app"; sourceTree = BUILT_PRODUCTS_DIR; };
		EDB3C75325CA836700704AEE /* AppDelegate.swift */ = {isa = PBXFileReference; lastKnownFileType = sourcecode.swift; path = AppDelegate.swift; sourceTree = "<group>"; };
		EDB3C75525CA836700704AEE /* SceneDelegate.swift */ = {isa = PBXFileReference; lastKnownFileType = sourcecode.swift; path = SceneDelegate.swift; sourceTree = "<group>"; };
		EDB3C75725CA836700704AEE /* ContentView.swift */ = {isa = PBXFileReference; lastKnownFileType = sourcecode.swift; path = ContentView.swift; sourceTree = "<group>"; };
		EDB3C75925CA836800704AEE /* Assets.xcassets */ = {isa = PBXFileReference; lastKnownFileType = folder.assetcatalog; path = Assets.xcassets; sourceTree = "<group>"; };
		EDB3C75C25CA836800704AEE /* Preview Assets.xcassets */ = {isa = PBXFileReference; lastKnownFileType = folder.assetcatalog; path = "Preview Assets.xcassets"; sourceTree = "<group>"; };
		EDB3C75F25CA836800704AEE /* Base */ = {isa = PBXFileReference; lastKnownFileType = file.storyboard; name = Base; path = Base.lproj/LaunchScreen.storyboard; sourceTree = "<group>"; };
		EDB3C76125CA836800704AEE /* Info.plist */ = {isa = PBXFileReference; lastKnownFileType = text.plist.xml; path = Info.plist; sourceTree = "<group>"; };
		EDB3C76925CA845600704AEE /* FieldForm.swift */ = {isa = PBXFileReference; lastKnownFileType = sourcecode.swift; path = FieldForm.swift; sourceTree = "<group>"; };
		EDB3C77425CA893C00704AEE /* USer.swift */ = {isa = PBXFileReference; lastKnownFileType = sourcecode.swift; path = USer.swift; sourceTree = "<group>"; };
		EDB3C77925CA8D0F00704AEE /* InvoiceScreen.swift */ = {isa = PBXFileReference; lastKnownFileType = sourcecode.swift; path = InvoiceScreen.swift; sourceTree = "<group>"; };
/* End PBXFileReference section */

/* Begin PBXFrameworksBuildPhase section */
		EDB3C74D25CA836700704AEE /* Frameworks */ = {
			isa = PBXFrameworksBuildPhase;
			buildActionMask = 2147483647;
			files = (
			);
			runOnlyForDeploymentPostprocessing = 0;
		};
/* End PBXFrameworksBuildPhase section */

/* Begin PBXGroup section */
		EDB3C74725CA836700704AEE = {
			isa = PBXGroup;
			children = (
				EDB3C75225CA836700704AEE /* Swift User Manager */,
				EDB3C75125CA836700704AEE /* Products */,
			);
			sourceTree = "<group>";
		};
		EDB3C75125CA836700704AEE /* Products */ = {
			isa = PBXGroup;
			children = (
				EDB3C75025CA836700704AEE /* Swift User Manager.app */,
			);
			name = Products;
			sourceTree = "<group>";
		};
		EDB3C75225CA836700704AEE /* Swift User Manager */ = {
			isa = PBXGroup;
			children = (
				EDB3C77825CA8CFD00704AEE /* Module */,
				EDB3C76D25CA87E700704AEE /* Model */,
				EDB3C76825CA843D00704AEE /* View */,
				EDB3C75325CA836700704AEE /* AppDelegate.swift */,
				EDB3C75525CA836700704AEE /* SceneDelegate.swift */,
				EDB3C75725CA836700704AEE /* ContentView.swift */,
				EDB3C75925CA836800704AEE /* Assets.xcassets */,
				EDB3C75E25CA836800704AEE /* LaunchScreen.storyboard */,
				EDB3C76125CA836800704AEE /* Info.plist */,
				EDB3C75B25CA836800704AEE /* Preview Content */,
			);
			path = "Swift User Manager";
			sourceTree = "<group>";
		};
		EDB3C75B25CA836800704AEE /* Preview Content */ = {
			isa = PBXGroup;
			children = (
				EDB3C75C25CA836800704AEE /* Preview Assets.xcassets */,
			);
			path = "Preview Content";
			sourceTree = "<group>";
		};
		EDB3C76825CA843D00704AEE /* View */ = {
			isa = PBXGroup;
			children = (
				EDB3C76925CA845600704AEE /* FieldForm.swift */,
			);
			path = View;
			sourceTree = "<group>";
		};
		EDB3C76D25CA87E700704AEE /* Model */ = {
			isa = PBXGroup;
			children = (
				EDB3C77425CA893C00704AEE /* USer.swift */,
			);
			path = Model;
			sourceTree = "<group>";
		};
		EDB3C77825CA8CFD00704AEE /* Module */ = {
			isa = PBXGroup;
			children = (
				EDB3C77925CA8D0F00704AEE /* InvoiceScreen.swift */,
			);
			path = Module;
			sourceTree = "<group>";
		};
/* End PBXGroup section */

/* Begin PBXNativeTarget section */
		EDB3C74F25CA836700704AEE /* Swift User Manager */ = {
			isa = PBXNativeTarget;
			buildConfigurationList = EDB3C76425CA836800704AEE /* Build configuration list for PBXNativeTarget "Swift User Manager" */;
			buildPhases = (
				EDB3C74C25CA836700704AEE /* Sources */,
				EDB3C74D25CA836700704AEE /* Frameworks */,
				EDB3C74E25CA836700704AEE /* Resources */,
			);
			buildRules = (
			);
			dependencies = (
			);
			name = "Swift User Manager";
			productName = "Swift User Manager";
			productReference = EDB3C75025CA836700704AEE /* Swift User Manager.app */;
			productType = "com.apple.product-type.application";
		};
/* End PBXNativeTarget section */

/* Begin PBXProject section */
		EDB3C74825CA836700704AEE /* Project object */ = {
			isa = PBXProject;
			attributes = {
				LastSwiftUpdateCheck = 1200;
				LastUpgradeCheck = 1200;
				TargetAttributes = {
					EDB3C74F25CA836700704AEE = {
						CreatedOnToolsVersion = 12.0.1;
					};
				};
			};
			buildConfigurationList = EDB3C74B25CA836700704AEE /* Build configuration list for PBXProject "Swift User Manager" */;
			compatibilityVersion = "Xcode 9.3";
			developmentRegion = en;
			hasScannedForEncodings = 0;
			knownRegions = (
				en,
				Base,
			);
			mainGroup = EDB3C74725CA836700704AEE;
			productRefGroup = EDB3C75125CA836700704AEE /* Products */;
			projectDirPath = "";
			projectRoot = "";
			targets = (
				EDB3C74F25CA836700704AEE /* Swift User Manager */,
			);
		};
/* End PBXProject section */

/* Begin PBXResourcesBuildPhase section */
		EDB3C74E25CA836700704AEE /* Resources */ = {
			isa = PBXResourcesBuildPhase;
			buildActionMask = 2147483647;
			files = (
				EDB3C76025CA836800704AEE /* LaunchScreen.storyboard in Resources */,
				EDB3C75D25CA836800704AEE /* Preview Assets.xcassets in Resources */,
				EDB3C75A25CA836800704AEE /* Assets.xcassets in Resources */,
			);
			runOnlyForDeploymentPostprocessing = 0;
		};
/* End PBXResourcesBuildPhase section */

/* Begin PBXSourcesBuildPhase section */
		EDB3C74C25CA836700704AEE /* Sources */ = {
			isa = PBXSourcesBuildPhase;
			buildActionMask = 2147483647;
			files = (
				EDB3C75425CA836700704AEE /* AppDelegate.swift in Sources */,
				EDB3C75625CA836700704AEE /* SceneDelegate.swift in Sources */,
				EDB3C77525CA893C00704AEE /* USer.swift in Sources */,
				EDB3C76A25CA845600704AEE /* FieldForm.swift in Sources */,
				EDB3C75825CA836700704AEE /* ContentView.swift in Sources */,
				EDB3C77A25CA8D0F00704AEE /* InvoiceScreen.swift in Sources */,
			);
			runOnlyForDeploymentPostprocessing = 0;
		};
/* End PBXSourcesBuildPhase section */

/* Begin PBXVariantGroup section */
		EDB3C75E25CA836800704AEE /* LaunchScreen.storyboard */ = {
			isa = PBXVariantGroup;
			children = (
				EDB3C75F25CA836800704AEE /* Base */,
			);
			name = LaunchScreen.storyboard;
			sourceTree = "<group>";
		};
/* End PBXVariantGroup section */

/* Begin XCBuildConfiguration section */
		EDB3C76225CA836800704AEE /* Debug */ = {
			isa = XCBuildConfiguration;
			buildSettings = {
				ALWAYS_SEARCH_USER_PATHS = NO;
				CLANG_ANALYZER_NONNULL = YES;
				CLANG_ANALYZER_NUMBER_OBJECT_CONVERSION = YES_AGGRESSIVE;
				CLANG_CXX_LANGUAGE_STANDARD = "gnu++14";
				CLANG_CXX_LIBRARY = "libc++";
				CLANG_ENABLE_MODULES = YES;
				CLANG_ENABLE_OBJC_ARC = YES;
				CLANG_ENABLE_OBJC_WEAK = YES;
				CLANG_WARN_BLOCK_CAPTURE_AUTORELEASING = YES;
				CLANG_WARN_BOOL_CONVERSION = YES;
				CLANG_WARN_COMMA = YES;
				CLANG_WARN_CONSTANT_CONVERSION = YES;
				CLANG_WARN_DEPRECATED_OBJC_IMPLEMENTATIONS = YES;
				CLANG_WARN_DIRECT_OBJC_ISA_USAGE = YES_ERROR;
				CLANG_WARN_DOCUMENTATION_COMMENTS = YES;
				CLANG_WARN_EMPTY_BODY = YES;
				CLANG_WARN_ENUM_CONVERSION = YES;
				CLANG_WARN_INFINITE_RECURSION = YES;
				CLANG_WARN_INT_CONVERSION = YES;
				CLANG_WARN_NON_LITERAL_NULL_CONVERSION = YES;
				CLANG_WARN_OBJC_IMPLICIT_RETAIN_SELF = YES;
				CLANG_WARN_OBJC_LITERAL_CONVERSION = YES;
				CLANG_WARN_OBJC_ROOT_CLASS = YES_ERROR;
				CLANG_WARN_QUOTED_INCLUDE_IN_FRAMEWORK_HEADER = YES;
				CLANG_WARN_RANGE_LOOP_ANALYSIS = YES;
				CLANG_WARN_STRICT_PROTOTYPES = YES;
				CLANG_WARN_SUSPICIOUS_MOVE = YES;
				CLANG_WARN_UNGUARDED_AVAILABILITY = YES_AGGRESSIVE;
				CLANG_WARN_UNREACHABLE_CODE = YES;
				CLANG_WARN__DUPLICATE_METHOD_MATCH = YES;
				COPY_PHASE_STRIP = NO;
				DEBUG_INFORMATION_FORMAT = dwarf;
				ENABLE_STRICT_OBJC_MSGSEND = YES;
				ENABLE_TESTABILITY = YES;
				GCC_C_LANGUAGE_STANDARD = gnu11;
				GCC_DYNAMIC_NO_PIC = NO;
				GCC_NO_COMMON_BLOCKS = YES;
				GCC_OPTIMIZATION_LEVEL = 0;
				GCC_PREPROCESSOR_DEFINITIONS = (
					"DEBUG=1",
					"$(inherited)",
				);
				GCC_WARN_64_TO_32_BIT_CONVERSION = YES;
				GCC_WARN_ABOUT_RETURN_TYPE = YES_ERROR;
				GCC_WARN_UNDECLARED_SELECTOR = YES;
				GCC_WARN_UNINITIALIZED_AUTOS = YES_AGGRESSIVE;
				GCC_WARN_UNUSED_FUNCTION = YES;
				GCC_WARN_UNUSED_VARIABLE = YES;
				IPHONEOS_DEPLOYMENT_TARGET = 14.0;
				MTL_ENABLE_DEBUG_INFO = INCLUDE_SOURCE;
				MTL_FAST_MATH = YES;
				ONLY_ACTIVE_ARCH = YES;
				SDKROOT = iphoneos;
				SWIFT_ACTIVE_COMPILATION_CONDITIONS = DEBUG;
				SWIFT_OPTIMIZATION_LEVEL = "-Onone";
			};
			name = Debug;
		};
		EDB3C76325CA836800704AEE /* Release */ = {
			isa = XCBuildConfiguration;
			buildSettings = {
				ALWAYS_SEARCH_USER_PATHS = NO;
				CLANG_ANALYZER_NONNULL = YES;
				CLANG_ANALYZER_NUMBER_OBJECT_CONVERSION = YES_AGGRESSIVE;
				CLANG_CXX_LANGUAGE_STANDARD = "gnu++14";
				CLANG_CXX_LIBRARY = "libc++";
				CLANG_ENABLE_MODULES = YES;
				CLANG_ENABLE_OBJC_ARC = YES;
				CLANG_ENABLE_OBJC_WEAK = YES;
				CLANG_WARN_BLOCK_CAPTURE_AUTORELEASING = YES;
				CLANG_WARN_BOOL_CONVERSION = YES;
				CLANG_WARN_COMMA = YES;
				CLANG_WARN_CONSTANT_CONVERSION = YES;
				CLANG_WARN_DEPRECATED_OBJC_IMPLEMENTATIONS = YES;
				CLANG_WARN_DIRECT_OBJC_ISA_USAGE = YES_ERROR;
				CLANG_WARN_DOCUMENTATION_COMMENTS = YES;
				CLANG_WARN_EMPTY_BODY = YES;
				CLANG_WARN_ENUM_CONVERSION = YES;
				CLANG_WARN_INFINITE_RECURSION = YES;
				CLANG_WARN_INT_CONVERSION = YES;
				CLANG_WARN_NON_LITERAL_NULL_CONVERSION = YES;
				CLANG_WARN_OBJC_IMPLICIT_RETAIN_SELF = YES;
				CLANG_WARN_OBJC_LITERAL_CONVERSION = YES;
				CLANG_WARN_OBJC_ROOT_CLASS = YES_ERROR;
				CLANG_WARN_QUOTED_INCLUDE_IN_FRAMEWORK_HEADER = YES;
				CLANG_WARN_RANGE_LOOP_ANALYSIS = YES;
				CLANG_WARN_STRICT_PROTOTYPES = YES;
				CLANG_WARN_SUSPICIOUS_MOVE = YES;
				CLANG_WARN_UNGUARDED_AVAILABILITY = YES_AGGRESSIVE;
				CLANG_WARN_UNREACHABLE_CODE = YES;
				CLANG_WARN__DUPLICATE_METHOD_MATCH = YES;
				COPY_PHASE_STRIP = NO;
				DEBUG_INFORMATION_FORMAT = "dwarf-with-dsym";
				ENABLE_NS_ASSERTIONS = NO;
				ENABLE_STRICT_OBJC_MSGSEND = YES;
				GCC_C_LANGUAGE_STANDARD = gnu11;
				GCC_NO_COMMON_BLOCKS = YES;
				GCC_WARN_64_TO_32_BIT_CONVERSION = YES;
				GCC_WARN_ABOUT_RETURN_TYPE = YES_ERROR;
				GCC_WARN_UNDECLARED_SELECTOR = YES;
				GCC_WARN_UNINITIALIZED_AUTOS = YES_AGGRESSIVE;
				GCC_WARN_UNUSED_FUNCTION = YES;
				GCC_WARN_UNUSED_VARIABLE = YES;
				IPHONEOS_DEPLOYMENT_TARGET = 14.0;
				MTL_ENABLE_DEBUG_INFO = NO;
				MTL_FAST_MATH = YES;
				SDKROOT = iphoneos;
				SWIFT_COMPILATION_MODE = wholemodule;
				SWIFT_OPTIMIZATION_LEVEL = "-O";
				VALIDATE_PRODUCT = YES;
			};
			name = Release;
		};
		EDB3C76525CA836800704AEE /* Debug */ = {
			isa = XCBuildConfiguration;
			buildSettings = {
				ASSETCATALOG_COMPILER_APPICON_NAME = AppIcon;
				ASSETCATALOG_COMPILER_GLOBAL_ACCENT_COLOR_NAME = AccentColor;
				CODE_SIGN_STYLE = Automatic;
				DEVELOPMENT_ASSET_PATHS = "\"Swift User Manager/Preview Content\"";
				ENABLE_PREVIEWS = YES;
				INFOPLIST_FILE = "Swift User Manager/Info.plist";
				LD_RUNPATH_SEARCH_PATHS = (
					"$(inherited)",
					"@executable_path/Frameworks",
				);
				PRODUCT_BUNDLE_IDENTIFIER = "udemy-amir.Swift-User-Manager";
				PRODUCT_NAME = "$(TARGET_NAME)";
				SWIFT_VERSION = 5.0;
				TARGETED_DEVICE_FAMILY = "1,2";
			};
			name = Debug;
		};
		EDB3C76625CA836800704AEE /* Release */ = {
			isa = XCBuildConfiguration;
			buildSettings = {
				ASSETCATALOG_COMPILER_APPICON_NAME = AppIcon;
				ASSETCATALOG_COMPILER_GLOBAL_ACCENT_COLOR_NAME = AccentColor;
				CODE_SIGN_STYLE = Automatic;
				DEVELOPMENT_ASSET_PATHS = "\"Swift User Manager/Preview Content\"";
				ENABLE_PREVIEWS = YES;
				INFOPLIST_FILE = "Swift User Manager/Info.plist";
				LD_RUNPATH_SEARCH_PATHS = (
					"$(inherited)",
					"@executable_path/Frameworks",
				);
				PRODUCT_BUNDLE_IDENTIFIER = "udemy-amir.Swift-User-Manager";
				PRODUCT_NAME = "$(TARGET_NAME)";
				SWIFT_VERSION = 5.0;
				TARGETED_DEVICE_FAMILY = "1,2";
			};
			name = Release;
		};
/* End XCBuildConfiguration section */

/* Begin XCConfigurationList section */
		EDB3C74B25CA836700704AEE /* Build configuration list for PBXProject "Swift User Manager" */ = {
			isa = XCConfigurationList;
			buildConfigurations = (
				EDB3C76225CA836800704AEE /* Debug */,
				EDB3C76325CA836800704AEE /* Release */,
			);
			defaultConfigurationIsVisible = 0;
			defaultConfigurationName = Release;
		};
		EDB3C76425CA836800704AEE /* Build configuration list for PBXNativeTarget "Swift User Manager" */ = {
			isa = XCConfigurationList;
			buildConfigurations = (
				EDB3C76525CA836800704AEE /* Debug */,
				EDB3C76625CA836800704AEE /* Release */,
			);
			defaultConfigurationIsVisible = 0;
			defaultConfigurationName = Release;
		};
/* End XCConfigurationList section */
	};
	rootObject = EDB3C74825CA836700704AEE /* Project object */;
}
